
Microsoft Visual Studio Solution File, Format Version 12.00
# Visual Studio 15
VisualStudioVersion = 15.0.26730.10
MinimumVisualStudioVersion = 10.0.40219.1
Project("{FAE04EC0-301F-11D3-BF4B-00C04F79EFBC}") = "TheLibrary", "TheLibrary\TheLibrary.csproj", "{5BEC6FD6-29F1-4462-B842-88702C81868A}"
EndProject
Project("{FAE04EC0-301F-11D3-BF4B-00C04F79EFBC}") = "TheLibraryTests", "TheLibraryTests\TheLibraryTests.csproj", "{2F7A193B-9D94-435D-9622-25F72A2EDF4E}"
EndProject
Global
	GlobalSection(SolutionConfigurationPlatforms) = preSolution
		Debug|Any CPU = Debug|Any CPU
		Release|Any CPU = Release|Any CPU
	EndGlobalSection
	GlobalSection(ProjectConfigurationPlatforms) = postSolution
		{5BEC6FD6-29F1-4462-B842-88702C81868A}.Debug|Any CPU.ActiveCfg = Debug|Any CPU
		{5BEC6FD6-29F1-4462-B842-88702C81868A}.Debug|Any CPU.Build.0 = Debug|Any CPU
		{5BEC6FD6-29F1-4462-B842-88702C81868A}.Release|Any CPU.ActiveCfg = Release|Any CPU
		{5BEC6FD6-29F1-4462-B842-88702C81868A}.Release|Any CPU.Build.0 = Release|Any CPU
		{2F7A193B-9D94-435D-9622-25F72A2EDF4E}.Debug|Any CPU.ActiveCfg = Debug|Any CPU
		{2F7A193B-9D94-435D-9622-25F72A2EDF4E}.Debug|Any CPU.Build.0 = Debug|Any CPU
		{2F7A193B-9D94-435D-9622-25F72A2EDF4E}.Release|Any CPU.ActiveCfg = Release|Any CPU
		{2F7A193B-9D94-435D-9622-25F72A2EDF4E}.Release|Any CPU.Build.0 = Release|Any CPU
	EndGlobalSection
	GlobalSection(SolutionProperties) = preSolution
		HideSolutionNode = FALSE
	EndGlobalSection
	GlobalSection(ExtensibilityGlobals) = postSolution
		SolutionGuid = {3F80C411-9B9B-4608-BFC0-96231963E360}
	EndGlobalSection
EndGlobal
